// !$*UTF8*$!
{
	archiveVersion = 1;
	classes = {
	};
	objectVersion = 77;
	objects = {

/* Begin PBXContainerItemProxy section */
		16EB0C9A2DA3DC8A00F065A0 /* PBXContainerItemProxy */ = {
			isa = PBXContainerItemProxy;
			containerPortal = 16EB0C812DA3DC8700F065A0 /* Project object */;
			proxyType = 1;
			remoteGlobalIDString = 16EB0C882DA3DC8700F065A0;
			remoteInfo = YoloDemo_Dynamic;
		};
		16EB0CA42DA3DC8A00F065A0 /* PBXContainerItemProxy */ = {
			isa = PBXContainerItemProxy;
			containerPortal = 16EB0C812DA3DC8700F065A0 /* Project object */;
			proxyType = 1;
			remoteGlobalIDString = 16EB0C882DA3DC8700F065A0;
			remoteInfo = YoloDemo_Dynamic;
		};
/* End PBXContainerItemProxy section */

/* Begin PBXFileReference section */
		16EB0C892DA3DC8700F065A0 /* YoloDemo_Dynamic.app */ = {isa = PBXFileReference; explicitFileType = wrapper.application; includeInIndex = 0; path = YoloDemo_Dynamic.app; sourceTree = BUILT_PRODUCTS_DIR; };
		16EB0C992DA3DC8A00F065A0 /* YoloDemo_DynamicTests.xctest */ = {isa = PBXFileReference; explicitFileType = wrapper.cfbundle; includeInIndex = 0; path = YoloDemo_DynamicTests.xctest; sourceTree = BUILT_PRODUCTS_DIR; };
		16EB0CA32DA3DC8A00F065A0 /* YoloDemo_DynamicUITests.xctest */ = {isa = PBXFileReference; explicitFileType = wrapper.cfbundle; includeInIndex = 0; path = YoloDemo_DynamicUITests.xctest; sourceTree = BUILT_PRODUCTS_DIR; };
/* End PBXFileReference section */

/* Begin PBXFileSystemSynchronizedRootGroup section */
		16EB0C8B2DA3DC8700F065A0 /* YoloDemo_Dynamic */ = {
			isa = PBXFileSystemSynchronizedRootGroup;
			path = YoloDemo_Dynamic;
			sourceTree = "<group>";
		};
		16EB0C9C2DA3DC8A00F065A0 /* YoloDemo_DynamicTests */ = {
			isa = PBXFileSystemSynchronizedRootGroup;
			path = YoloDemo_DynamicTests;
			sourceTree = "<group>";
		};
		16EB0CA62DA3DC8A00F065A0 /* YoloDemo_DynamicUITests */ = {
			isa = PBXFileSystemSynchronizedRootGroup;
			path = YoloDemo_DynamicUITests;
			sourceTree = "<group>";
		};
/* End PBXFileSystemSynchronizedRootGroup section */

/* Begin PBXFrameworksBuildPhase section */
		16EB0C862DA3DC8700F065A0 /* Frameworks */ = {
			isa = PBXFrameworksBuildPhase;
			buildActionMask = 2147483647;
			files = (
			);
			runOnlyForDeploymentPostprocessing = 0;
		};
		16EB0C962DA3DC8A00F065A0 /* Frameworks */ = {
			isa = PBXFrameworksBuildPhase;
			buildActionMask = 2147483647;
			files = (
			);
			runOnlyForDeploymentPostprocessing = 0;
		};
		16EB0CA02DA3DC8A00F065A0 /* Frameworks */ = {
			isa = PBXFrameworksBuildPhase;
			buildActionMask = 2147483647;
			files = (
			);
			runOnlyForDeploymentPostprocessing = 0;
		};
/* End PBXFrameworksBuildPhase section */

/* Begin PBXGroup section */
		16EB0C802DA3DC8700F065A0 = {
			isa = PBXGroup;
			children = (
				16EB0C8B2DA3DC8700F065A0 /* YoloDemo_Dynamic */,
				16EB0C9C2DA3DC8A00F065A0 /* YoloDemo_DynamicTests */,
				16EB0CA62DA3DC8A00F065A0 /* YoloDemo_DynamicUITests */,
				16EB0C8A2DA3DC8700F065A0 /* Products */,
			);
			sourceTree = "<group>";
		};
		16EB0C8A2DA3DC8700F065A0 /* Products */ = {
			isa = PBXGroup;
			children = (
				16EB0C892DA3DC8700F065A0 /* YoloDemo_Dynamic.app */,
				16EB0C992DA3DC8A00F065A0 /* YoloDemo_DynamicTests.xctest */,
				16EB0CA32DA3DC8A00F065A0 /* YoloDemo_DynamicUITests.xctest */,
			);
			name = Products;
			sourceTree = "<group>";
		};
/* End PBXGroup section */

/* Begin PBXNativeTarget section */
		16EB0C882DA3DC8700F065A0 /* YoloDemo_Dynamic */ = {
			isa = PBXNativeTarget;
			buildConfigurationList = 16EB0CAD2DA3DC8A00F065A0 /* Build configuration list for PBXNativeTarget "YoloDemo_Dynamic" */;
			buildPhases = (
				16EB0C852DA3DC8700F065A0 /* Sources */,
				16EB0C862DA3DC8700F065A0 /* Frameworks */,
				16EB0C872DA3DC8700F065A0 /* Resources */,
			);
			buildRules = (
			);
			dependencies = (
			);
			fileSystemSynchronizedGroups = (
				16EB0C8B2DA3DC8700F065A0 /* YoloDemo_Dynamic */,
			);
			name = YoloDemo_Dynamic;
			packageProductDependencies = (
			);
			productName = YoloDemo_Dynamic;
			productReference = 16EB0C892DA3DC8700F065A0 /* YoloDemo_Dynamic.app */;
			productType = "com.apple.product-type.application";
		};
		16EB0C982DA3DC8A00F065A0 /* YoloDemo_DynamicTests */ = {
			isa = PBXNativeTarget;
			buildConfigurationList = 16EB0CB02DA3DC8A00F065A0 /* Build configuration list for PBXNativeTarget "YoloDemo_DynamicTests" */;
			buildPhases = (
				16EB0C952DA3DC8A00F065A0 /* Sources */,
				16EB0C962DA3DC8A00F065A0 /* Frameworks */,
				16EB0C972DA3DC8A00F065A0 /* Resources */,
			);
			buildRules = (
			);
			dependencies = (
				16EB0C9B2DA3DC8A00F065A0 /* PBXTargetDependency */,
			);
			fileSystemSynchronizedGroups = (
				16EB0C9C2DA3DC8A00F065A0 /* YoloDemo_DynamicTests */,
			);
			name = YoloDemo_DynamicTests;
			packageProductDependencies = (
			);
			productName = YoloDemo_DynamicTests;
			productReference = 16EB0C992DA3DC8A00F065A0 /* YoloDemo_DynamicTests.xctest */;
			productType = "com.apple.product-type.bundle.unit-test";
		};
		16EB0CA22DA3DC8A00F065A0 /* YoloDemo_DynamicUITests */ = {
			isa = PBXNativeTarget;
			buildConfigurationList = 16EB0CB32DA3DC8A00F065A0 /* Build configuration list for PBXNativeTarget "YoloDemo_DynamicUITests" */;
			buildPhases = (
				16EB0C9F2DA3DC8A00F065A0 /* Sources */,
				16EB0CA02DA3DC8A00F065A0 /* Frameworks */,
				16EB0CA12DA3DC8A00F065A0 /* Resources */,
			);
			buildRules = (
			);
			dependencies = (
				16EB0CA52DA3DC8A00F065A0 /* PBXTargetDependency */,
			);
			fileSystemSynchronizedGroups = (
				16EB0CA62DA3DC8A00F065A0 /* YoloDemo_DynamicUITests */,
			);
			name = YoloDemo_DynamicUITests;
			packageProductDependencies = (
			);
			productName = YoloDemo_DynamicUITests;
			productReference = 16EB0CA32DA3DC8A00F065A0 /* YoloDemo_DynamicUITests.xctest */;
			productType = "com.apple.product-type.bundle.ui-testing";
		};
/* End PBXNativeTarget section */

/* Begin PBXProject section */
		16EB0C812DA3DC8700F065A0 /* Project object */ = {
			isa = PBXProject;
			attributes = {
				BuildIndependentTargetsInParallel = 1;
				LastSwiftUpdateCheck = 1620;
				LastUpgradeCheck = 1620;
				TargetAttributes = {
					16EB0C882DA3DC8700F065A0 = {
						CreatedOnToolsVersion = 16.2;
					};
					16EB0C982DA3DC8A00F065A0 = {
						CreatedOnToolsVersion = 16.2;
						TestTargetID = 16EB0C882DA3DC8700F065A0;
					};
					16EB0CA22DA3DC8A00F065A0 = {
						CreatedOnToolsVersion = 16.2;
						TestTargetID = 16EB0C882DA3DC8700F065A0;
					};
				};
			};
			buildConfigurationList = 16EB0C842DA3DC8700F065A0 /* Build configuration list for PBXProject "YoloDemo_Dynamic" */;
			developmentRegion = en;
			hasScannedForEncodings = 0;
			knownRegions = (
				en,
				Base,
			);
			mainGroup = 16EB0C802DA3DC8700F065A0;
			minimizedProjectReferenceProxies = 1;
			preferredProjectObjectVersion = 77;
			productRefGroup = 16EB0C8A2DA3DC8700F065A0 /* Products */;
			projectDirPath = "";
			projectRoot = "";
			targets = (
				16EB0C882DA3DC8700F065A0 /* YoloDemo_Dynamic */,
				16EB0C982DA3DC8A00F065A0 /* YoloDemo_DynamicTests */,
				16EB0CA22DA3DC8A00F065A0 /* YoloDemo_DynamicUITests */,
			);
		};
/* End PBXProject section */

/* Begin PBXResourcesBuildPhase section */
		16EB0C872DA3DC8700F065A0 /* Resources */ = {
			isa = PBXResourcesBuildPhase;
			buildActionMask = 2147483647;
			files = (
			);
			runOnlyForDeploymentPostprocessing = 0;
		};
		16EB0C972DA3DC8A00F065A0 /* Resources */ = {
			isa = PBXResourcesBuildPhase;
			buildActionMask = 2147483647;
			files = (
			);
			runOnlyForDeploymentPostprocessing = 0;
		};
		16EB0CA12DA3DC8A00F065A0 /* Resources */ = {
			isa = PBXResourcesBuildPhase;
			buildActionMask = 2147483647;
			files = (
			);
			runOnlyForDeploymentPostprocessing = 0;
		};
/* End PBXResourcesBuildPhase section */

/* Begin PBXSourcesBuildPhase section */
		16EB0C852DA3DC8700F065A0 /* Sources */ = {
			isa = PBXSourcesBuildPhase;
			buildActionMask = 2147483647;
			files = (
			);
			runOnlyForDeploymentPostprocessing = 0;
		};
		16EB0C952DA3DC8A00F065A0 /* Sources */ = {
			isa = PBXSourcesBuildPhase;
			buildActionMask = 2147483647;
			files = (
			);
			runOnlyForDeploymentPostprocessing = 0;
		};
		16EB0C9F2DA3DC8A00F065A0 /* Sources */ = {
			isa = PBXSourcesBuildPhase;
			buildActionMask = 2147483647;
			files = (
			);
			runOnlyForDeploymentPostprocessing = 0;
		};
/* End PBXSourcesBuildPhase section */

/* Begin PBXTargetDependency section */
		16EB0C9B2DA3DC8A00F065A0 /* PBXTargetDependency */ = {
			isa = PBXTargetDependency;
			target = 16EB0C882DA3DC8700F065A0 /* YoloDemo_Dynamic */;
			targetProxy = 16EB0C9A2DA3DC8A00F065A0 /* PBXContainerItemProxy */;
		};
		16EB0CA52DA3DC8A00F065A0 /* PBXTargetDependency */ = {
			isa = PBXTargetDependency;
			target = 16EB0C882DA3DC8700F065A0 /* YoloDemo_Dynamic */;
			targetProxy = 16EB0CA42DA3DC8A00F065A0 /* PBXContainerItemProxy */;
		};
/* End PBXTargetDependency section */

/* Begin XCBuildConfiguration section */
		16EB0CAB2DA3DC8A00F065A0 /* Debug */ = {
			isa = XCBuildConfiguration;
			buildSettings = {
				ALWAYS_SEARCH_USER_PATHS = NO;
				ASSETCATALOG_COMPILER_GENERATE_SWIFT_ASSET_SYMBOL_EXTENSIONS = YES;
				CLANG_ANALYZER_NONNULL = YES;
				CLANG_ANALYZER_NUMBER_OBJECT_CONVERSION = YES_AGGRESSIVE;
				CLANG_CXX_LANGUAGE_STANDARD = "gnu++20";
				CLANG_ENABLE_MODULES = YES;
				CLANG_ENABLE_OBJC_ARC = YES;
				CLANG_ENABLE_OBJC_WEAK = YES;
				CLANG_WARN_BLOCK_CAPTURE_AUTORELEASING = YES;
				CLANG_WARN_BOOL_CONVERSION = YES;
				CLANG_WARN_COMMA = YES;
				CLANG_WARN_CONSTANT_CONVERSION = YES;
				CLANG_WARN_DEPRECATED_OBJC_IMPLEMENTATIONS = YES;
				CLANG_WARN_DIRECT_OBJC_ISA_USAGE = YES_ERROR;
				CLANG_WARN_DOCUMENTATION_COMMENTS = YES;
				CLANG_WARN_EMPTY_BODY = YES;
				CLANG_WARN_ENUM_CONVERSION = YES;
				CLANG_WARN_INFINITE_RECURSION = YES;
				CLANG_WARN_INT_CONVERSION = YES;
				CLANG_WARN_NON_LITERAL_NULL_CONVERSION = YES;
				CLANG_WARN_OBJC_IMPLICIT_RETAIN_SELF = YES;
				CLANG_WARN_OBJC_LITERAL_CONVERSION = YES;
				CLANG_WARN_OBJC_ROOT_CLASS = YES_ERROR;
				CLANG_WARN_QUOTED_INCLUDE_IN_FRAMEWORK_HEADER = YES;
				CLANG_WARN_RANGE_LOOP_ANALYSIS = YES;
				CLANG_WARN_STRICT_PROTOTYPES = YES;
				CLANG_WARN_SUSPICIOUS_MOVE = YES;
				CLANG_WARN_UNGUARDED_AVAILABILITY = YES_AGGRESSIVE;
				CLANG_WARN_UNREACHABLE_CODE = YES;
				CLANG_WARN__DUPLICATE_METHOD_MATCH = YES;
				COPY_PHASE_STRIP = NO;
				DEBUG_INFORMATION_FORMAT = dwarf;
				ENABLE_STRICT_OBJC_MSGSEND = YES;
				ENABLE_TESTABILITY = YES;
				ENABLE_USER_SCRIPT_SANDBOXING = YES;
				GCC_C_LANGUAGE_STANDARD = gnu17;
				GCC_DYNAMIC_NO_PIC = NO;
				GCC_NO_COMMON_BLOCKS = YES;
				GCC_OPTIMIZATION_LEVEL = 0;
				GCC_PREPROCESSOR_DEFINITIONS = (
					"DEBUG=1",
					"$(inherited)",
				);
				GCC_WARN_64_TO_32_BIT_CONVERSION = YES;
				GCC_WARN_ABOUT_RETURN_TYPE = YES_ERROR;
				GCC_WARN_UNDECLARED_SELECTOR = YES;
				GCC_WARN_UNINITIALIZED_AUTOS = YES_AGGRESSIVE;
				GCC_WARN_UNUSED_FUNCTION = YES;
				GCC_WARN_UNUSED_VARIABLE = YES;
				IPHONEOS_DEPLOYMENT_TARGET = 18.2;
				LOCALIZATION_PREFERS_STRING_CATALOGS = YES;
				MTL_ENABLE_DEBUG_INFO = INCLUDE_SOURCE;
				MTL_FAST_MATH = YES;
				ONLY_ACTIVE_ARCH = YES;
				SDKROOT = iphoneos;
				SWIFT_ACTIVE_COMPILATION_CONDITIONS = "DEBUG $(inherited)";
				SWIFT_OPTIMIZATION_LEVEL = "-Onone";
			};
			name = Debug;
		};
		16EB0CAC2DA3DC8A00F065A0 /* Release */ = {
			isa = XCBuildConfiguration;
			buildSettings = {
				ALWAYS_SEARCH_USER_PATHS = NO;
				ASSETCATALOG_COMPILER_GENERATE_SWIFT_ASSET_SYMBOL_EXTENSIONS = YES;
				CLANG_ANALYZER_NONNULL = YES;
				CLANG_ANALYZER_NUMBER_OBJECT_CONVERSION = YES_AGGRESSIVE;
				CLANG_CXX_LANGUAGE_STANDARD = "gnu++20";
				CLANG_ENABLE_MODULES = YES;
				CLANG_ENABLE_OBJC_ARC = YES;
				CLANG_ENABLE_OBJC_WEAK = YES;
				CLANG_WARN_BLOCK_CAPTURE_AUTORELEASING = YES;
				CLANG_WARN_BOOL_CONVERSION = YES;
				CLANG_WARN_COMMA = YES;
				CLANG_WARN_CONSTANT_CONVERSION = YES;
				CLANG_WARN_DEPRECATED_OBJC_IMPLEMENTATIONS = YES;
				CLANG_WARN_DIRECT_OBJC_ISA_USAGE = YES_ERROR;
				CLANG_WARN_DOCUMENTATION_COMMENTS = YES;
				CLANG_WARN_EMPTY_BODY = YES;
				CLANG_WARN_ENUM_CONVERSION = YES;
				CLANG_WARN_INFINITE_RECURSION = YES;
				CLANG_WARN_INT_CONVERSION = YES;
				CLANG_WARN_NON_LITERAL_NULL_CONVERSION = YES;
				CLANG_WARN_OBJC_IMPLICIT_RETAIN_SELF = YES;
				CLANG_WARN_OBJC_LITERAL_CONVERSION = YES;
				CLANG_WARN_OBJC_ROOT_CLASS = YES_ERROR;
				CLANG_WARN_QUOTED_INCLUDE_IN_FRAMEWORK_HEADER = YES;
				CLANG_WARN_RANGE_LOOP_ANALYSIS = YES;
				CLANG_WARN_STRICT_PROTOTYPES = YES;
				CLANG_WARN_SUSPICIOUS_MOVE = YES;
				CLANG_WARN_UNGUARDED_AVAILABILITY = YES_AGGRESSIVE;
				CLANG_WARN_UNREACHABLE_CODE = YES;
				CLANG_WARN__DUPLICATE_METHOD_MATCH = YES;
				COPY_PHASE_STRIP = NO;
				DEBUG_INFORMATION_FORMAT = "dwarf-with-dsym";
				ENABLE_NS_ASSERTIONS = NO;
				ENABLE_STRICT_OBJC_MSGSEND = YES;
				ENABLE_USER_SCRIPT_SANDBOXING = YES;
				GCC_C_LANGUAGE_STANDARD = gnu17;
				GCC_NO_COMMON_BLOCKS = YES;
				GCC_WARN_64_TO_32_BIT_CONVERSION = YES;
				GCC_WARN_ABOUT_RETURN_TYPE = YES_ERROR;
				GCC_WARN_UNDECLARED_SELECTOR = YES;
				GCC_WARN_UNINITIALIZED_AUTOS = YES_AGGRESSIVE;
				GCC_WARN_UNUSED_FUNCTION = YES;
				GCC_WARN_UNUSED_VARIABLE = YES;
				IPHONEOS_DEPLOYMENT_TARGET = 18.2;
				LOCALIZATION_PREFERS_STRING_CATALOGS = YES;
				MTL_ENABLE_DEBUG_INFO = NO;
				MTL_FAST_MATH = YES;
				SDKROOT = iphoneos;
				SWIFT_COMPILATION_MODE = wholemodule;
				VALIDATE_PRODUCT = YES;
			};
			name = Release;
		};
		16EB0CAE2DA3DC8A00F065A0 /* Debug */ = {
			isa = XCBuildConfiguration;
			buildSettings = {
				ASSETCATALOG_COMPILER_APPICON_NAME = AppIcon;
				ASSETCATALOG_COMPILER_GLOBAL_ACCENT_COLOR_NAME = AccentColor;
				CODE_SIGN_STYLE = Automatic;
				CURRENT_PROJECT_VERSION = 1;
				DEVELOPMENT_ASSET_PATHS = "\"YoloDemo_Dynamic/Preview Content\"";
				DEVELOPMENT_TEAM = RNG59PVUMV;
				ENABLE_PREVIEWS = YES;
				GENERATE_INFOPLIST_FILE = YES;
				INFOPLIST_KEY_UIApplicationSceneManifest_Generation = YES;
				INFOPLIST_KEY_UIApplicationSupportsIndirectInputEvents = YES;
				INFOPLIST_KEY_UILaunchScreen_Generation = YES;
				INFOPLIST_KEY_UISupportedInterfaceOrientations_iPad = "UIInterfaceOrientationPortrait UIInterfaceOrientationPortraitUpsideDown UIInterfaceOrientationLandscapeLeft UIInterfaceOrientationLandscapeRight";
				INFOPLIST_KEY_UISupportedInterfaceOrientations_iPhone = "UIInterfaceOrientationPortrait UIInterfaceOrientationLandscapeLeft UIInterfaceOrientationLandscapeRight";
				LD_RUNPATH_SEARCH_PATHS = (
					"$(inherited)",
					"@executable_path/Frameworks",
				);
				MARKETING_VERSION = 1.0;
				PRODUCT_BUNDLE_IDENTIFIER = "com.clara.YoloDemo-Dynamic";
				PRODUCT_NAME = "$(TARGET_NAME)";
				SWIFT_EMIT_LOC_STRINGS = YES;
				SWIFT_VERSION = 5.0;
				TARGETED_DEVICE_FAMILY = "1,2";
			};
			name = Debug;
		};
		16EB0CAF2DA3DC8A00F065A0 /* Release */ = {
			isa = XCBuildConfiguration;
			buildSettings = {
				ASSETCATALOG_COMPILER_APPICON_NAME = AppIcon;
				ASSETCATALOG_COMPILER_GLOBAL_ACCENT_COLOR_NAME = AccentColor;
				CODE_SIGN_STYLE = Automatic;
				CURRENT_PROJECT_VERSION = 1;
				DEVELOPMENT_ASSET_PATHS = "\"YoloDemo_Dynamic/Preview Content\"";
				DEVELOPMENT_TEAM = RNG59PVUMV;
				ENABLE_PREVIEWS = YES;
				GENERATE_INFOPLIST_FILE = YES;
				INFOPLIST_KEY_UIApplicationSceneManifest_Generation = YES;
				INFOPLIST_KEY_UIApplicationSupportsIndirectInputEvents = YES;
				INFOPLIST_KEY_UILaunchScreen_Generation = YES;
				INFOPLIST_KEY_UISupportedInterfaceOrientations_iPad = "UIInterfaceOrientationPortrait UIInterfaceOrientationPortraitUpsideDown UIInterfaceOrientationLandscapeLeft UIInterfaceOrientationLandscapeRight";
				INFOPLIST_KEY_UISupportedInterfaceOrientations_iPhone = "UIInterfaceOrientationPortrait UIInterfaceOrientationLandscapeLeft UIInterfaceOrientationLandscapeRight";
				LD_RUNPATH_SEARCH_PATHS = (
					"$(inherited)",
					"@executable_path/Frameworks",
				);
				MARKETING_VERSION = 1.0;
				PRODUCT_BUNDLE_IDENTIFIER = "com.clara.YoloDemo-Dynamic";
				PRODUCT_NAME = "$(TARGET_NAME)";
				SWIFT_EMIT_LOC_STRINGS = YES;
				SWIFT_VERSION = 5.0;
				TARGETED_DEVICE_FAMILY = "1,2";
			};
			name = Release;
		};
		16EB0CB12DA3DC8A00F065A0 /* Debug */ = {
			isa = XCBuildConfiguration;
			buildSettings = {
				BUNDLE_LOADER = "$(TEST_HOST)";
				CODE_SIGN_STYLE = Automatic;
				CURRENT_PROJECT_VERSION = 1;
				DEVELOPMENT_TEAM = RNG59PVUMV;
				GENERATE_INFOPLIST_FILE = YES;
				IPHONEOS_DEPLOYMENT_TARGET = 18.2;
				MARKETING_VERSION = 1.0;
				PRODUCT_BUNDLE_IDENTIFIER = "com.clara.YoloDemo-DynamicTests";
				PRODUCT_NAME = "$(TARGET_NAME)";
				SWIFT_EMIT_LOC_STRINGS = NO;
				SWIFT_VERSION = 5.0;
				TARGETED_DEVICE_FAMILY = "1,2";
				TEST_HOST = "$(BUILT_PRODUCTS_DIR)/YoloDemo_Dynamic.app/$(BUNDLE_EXECUTABLE_FOLDER_PATH)/YoloDemo_Dynamic";
			};
			name = Debug;
		};
		16EB0CB22DA3DC8A00F065A0 /* Release */ = {
			isa = XCBuildConfiguration;
			buildSettings = {
				BUNDLE_LOADER = "$(TEST_HOST)";
				CODE_SIGN_STYLE = Automatic;
				CURRENT_PROJECT_VERSION = 1;
				DEVELOPMENT_TEAM = RNG59PVUMV;
				GENERATE_INFOPLIST_FILE = YES;
				IPHONEOS_DEPLOYMENT_TARGET = 18.2;
				MARKETING_VERSION = 1.0;
				PRODUCT_BUNDLE_IDENTIFIER = "com.clara.YoloDemo-DynamicTests";
				PRODUCT_NAME = "$(TARGET_NAME)";
				SWIFT_EMIT_LOC_STRINGS = NO;
				SWIFT_VERSION = 5.0;
				TARGETED_DEVICE_FAMILY = "1,2";
				TEST_HOST = "$(BUILT_PRODUCTS_DIR)/YoloDemo_Dynamic.app/$(BUNDLE_EXECUTABLE_FOLDER_PATH)/YoloDemo_Dynamic";
			};
			name = Release;
		};
		16EB0CB42DA3DC8A00F065A0 /* Debug */ = {
			isa = XCBuildConfiguration;
			buildSettings = {
				CODE_SIGN_STYLE = Automatic;
				CURRENT_PROJECT_VERSION = 1;
				DEVELOPMENT_TEAM = RNG59PVUMV;
				GENERATE_INFOPLIST_FILE = YES;
				MARKETING_VERSION = 1.0;
				PRODUCT_BUNDLE_IDENTIFIER = "com.clara.YoloDemo-DynamicUITests";
				PRODUCT_NAME = "$(TARGET_NAME)";
				SWIFT_EMIT_LOC_STRINGS = NO;
				SWIFT_VERSION = 5.0;
				TARGETED_DEVICE_FAMILY = "1,2";
				TEST_TARGET_NAME = YoloDemo_Dynamic;
			};
			name = Debug;
		};
		16EB0CB52DA3DC8A00F065A0 /* Release */ = {
			isa = XCBuildConfiguration;
			buildSettings = {
				CODE_SIGN_STYLE = Automatic;
				CURRENT_PROJECT_VERSION = 1;
				DEVELOPMENT_TEAM = RNG59PVUMV;
				GENERATE_INFOPLIST_FILE = YES;
				MARKETING_VERSION = 1.0;
				PRODUCT_BUNDLE_IDENTIFIER = "com.clara.YoloDemo-DynamicUITests";
				PRODUCT_NAME = "$(TARGET_NAME)";
				SWIFT_EMIT_LOC_STRINGS = NO;
				SWIFT_VERSION = 5.0;
				TARGETED_DEVICE_FAMILY = "1,2";
				TEST_TARGET_NAME = YoloDemo_Dynamic;
			};
			name = Release;
		};
/* End XCBuildConfiguration section */

/* Begin XCConfigurationList section */
		16EB0C842DA3DC8700F065A0 /* Build configuration list for PBXProject "YoloDemo_Dynamic" */ = {
			isa = XCConfigurationList;
			buildConfigurations = (
				16EB0CAB2DA3DC8A00F065A0 /* Debug */,
				16EB0CAC2DA3DC8A00F065A0 /* Release */,
			);
			defaultConfigurationIsVisible = 0;
			defaultConfigurationName = Release;
		};
		16EB0CAD2DA3DC8A00F065A0 /* Build configuration list for PBXNativeTarget "YoloDemo_Dynamic" */ = {
			isa = XCConfigurationList;
			buildConfigurations = (
				16EB0CAE2DA3DC8A00F065A0 /* Debug */,
				16EB0CAF2DA3DC8A00F065A0 /* Release */,
			);
			defaultConfigurationIsVisible = 0;
			defaultConfigurationName = Release;
		};
		16EB0CB02DA3DC8A00F065A0 /* Build configuration list for PBXNativeTarget "YoloDemo_DynamicTests" */ = {
			isa = XCConfigurationList;
			buildConfigurations = (
				16EB0CB12DA3DC8A00F065A0 /* Debug */,
				16EB0CB22DA3DC8A00F065A0 /* Release */,
			);
			defaultConfigurationIsVisible = 0;
			defaultConfigurationName = Release;
		};
		16EB0CB32DA3DC8A00F065A0 /* Build configuration list for PBXNativeTarget "YoloDemo_DynamicUITests" */ = {
			isa = XCConfigurationList;
			buildConfigurations = (
				16EB0CB42DA3DC8A00F065A0 /* Debug */,
				16EB0CB52DA3DC8A00F065A0 /* Release */,
			);
			defaultConfigurationIsVisible = 0;
			defaultConfigurationName = Release;
		};
/* End XCConfigurationList section */
	};
	rootObject = 16EB0C812DA3DC8700F065A0 /* Project object */;
}
